
Microsoft Visual Studio Solution File, Format Version 12.00
# Visual Studio Version 16
VisualStudioVersion = 16.0.30413.136
MinimumVisualStudioVersion = 10.0.40219.1
Project("{FAE04EC0-301F-11D3-BF4B-00C04F79EFBC}") = "EntityFramework5.9", "EntityFramework5.9.csproj", "{427D79A1-979E-401F-9387-2FF2EA116D19}"
EndProject
Global
	GlobalSection(SolutionConfigurationPlatforms) = preSolution
		Debug|Any CPU = Debug|Any CPU
		Release|Any CPU = Release|Any CPU
	EndGlobalSection
	GlobalSection(ProjectConfigurationPlatforms) = postSolution
		{427D79A1-979E-401F-9387-2FF2EA116D19}.Debug|Any CPU.ActiveCfg = Debug|Any CPU
		{427D79A1-979E-401F-9387-2FF2EA116D19}.Debug|Any CPU.Build.0 = Debug|Any CPU
		{427D79A1-979E-401F-9387-2FF2EA116D19}.Release|Any CPU.ActiveCfg = Release|Any CPU
		{427D79A1-979E-401F-9387-2FF2EA116D19}.Release|Any CPU.Build.0 = Release|Any CPU
	EndGlobalSection
	GlobalSection(SolutionProperties) = preSolution
		HideSolutionNode = FALSE
	EndGlobalSection
	GlobalSection(ExtensibilityGlobals) = postSolution
		SolutionGuid = {AFDB9715-9372-4A90-B402-BF51032F616C}
	EndGlobalSection
EndGlobal
