
Microsoft Visual Studio Solution File, Format Version 12.00
# Visual Studio Version 16
VisualStudioVersion = 16.0.30413.136
MinimumVisualStudioVersion = 10.0.40219.1
Project("{FAE04EC0-301F-11D3-BF4B-00C04F79EFBC}") = "EntityFramework", "EntityFramework.csproj", "{9F9639A8-F9CD-4BA6-98D6-C31AC98D02FA}"
EndProject
Global
	GlobalSection(SolutionConfigurationPlatforms) = preSolution
		Debug|Any CPU = Debug|Any CPU
		Release|Any CPU = Release|Any CPU
	EndGlobalSection
	GlobalSection(ProjectConfigurationPlatforms) = postSolution
		{9F9639A8-F9CD-4BA6-98D6-C31AC98D02FA}.Debug|Any CPU.ActiveCfg = Debug|Any CPU
		{9F9639A8-F9CD-4BA6-98D6-C31AC98D02FA}.Debug|Any CPU.Build.0 = Debug|Any CPU
		{9F9639A8-F9CD-4BA6-98D6-C31AC98D02FA}.Release|Any CPU.ActiveCfg = Release|Any CPU
		{9F9639A8-F9CD-4BA6-98D6-C31AC98D02FA}.Release|Any CPU.Build.0 = Release|Any CPU
	EndGlobalSection
	GlobalSection(SolutionProperties) = preSolution
		HideSolutionNode = FALSE
	EndGlobalSection
	GlobalSection(ExtensibilityGlobals) = postSolution
		SolutionGuid = {A17C2002-0214-42DA-B818-4855039BCC2B}
	EndGlobalSection
EndGlobal
