
Microsoft Visual Studio Solution File, Format Version 12.00
# Visual Studio Version 16
VisualStudioVersion = 16.0.30413.136
MinimumVisualStudioVersion = 10.0.40219.1
Project("{FAE04EC0-301F-11D3-BF4B-00C04F79EFBC}") = "EntityFramework2.8", "EntityFramework2.8.csproj", "{C77A156C-D889-44AD-94A7-3B11CA52F0B1}"
EndProject
Global
	GlobalSection(SolutionConfigurationPlatforms) = preSolution
		Debug|Any CPU = Debug|Any CPU
		Release|Any CPU = Release|Any CPU
	EndGlobalSection
	GlobalSection(ProjectConfigurationPlatforms) = postSolution
		{C77A156C-D889-44AD-94A7-3B11CA52F0B1}.Debug|Any CPU.ActiveCfg = Debug|Any CPU
		{C77A156C-D889-44AD-94A7-3B11CA52F0B1}.Debug|Any CPU.Build.0 = Debug|Any CPU
		{C77A156C-D889-44AD-94A7-3B11CA52F0B1}.Release|Any CPU.ActiveCfg = Release|Any CPU
		{C77A156C-D889-44AD-94A7-3B11CA52F0B1}.Release|Any CPU.Build.0 = Release|Any CPU
	EndGlobalSection
	GlobalSection(SolutionProperties) = preSolution
		HideSolutionNode = FALSE
	EndGlobalSection
	GlobalSection(ExtensibilityGlobals) = postSolution
		SolutionGuid = {50CA65BD-A823-48C9-A8DB-F642608C9BB3}
	EndGlobalSection
EndGlobal
