
Microsoft Visual Studio Solution File, Format Version 12.00
# Visual Studio Version 16
VisualStudioVersion = 16.0.30413.136
MinimumVisualStudioVersion = 10.0.40219.1
Project("{FAE04EC0-301F-11D3-BF4B-00C04F79EFBC}") = "EFConnectToDB", "EFConnectToDB.csproj", "{0CAFFCBA-31CC-406F-9DCF-59361A4D4314}"
EndProject
Global
	GlobalSection(SolutionConfigurationPlatforms) = preSolution
		Debug|Any CPU = Debug|Any CPU
		Release|Any CPU = Release|Any CPU
	EndGlobalSection
	GlobalSection(ProjectConfigurationPlatforms) = postSolution
		{0CAFFCBA-31CC-406F-9DCF-59361A4D4314}.Debug|Any CPU.ActiveCfg = Debug|Any CPU
		{0CAFFCBA-31CC-406F-9DCF-59361A4D4314}.Debug|Any CPU.Build.0 = Debug|Any CPU
		{0CAFFCBA-31CC-406F-9DCF-59361A4D4314}.Release|Any CPU.ActiveCfg = Release|Any CPU
		{0CAFFCBA-31CC-406F-9DCF-59361A4D4314}.Release|Any CPU.Build.0 = Release|Any CPU
	EndGlobalSection
	GlobalSection(SolutionProperties) = preSolution
		HideSolutionNode = FALSE
	EndGlobalSection
	GlobalSection(ExtensibilityGlobals) = postSolution
		SolutionGuid = {D1B719D8-2557-429E-B80C-F7E97DD6CC3D}
	EndGlobalSection
EndGlobal
