
Microsoft Visual Studio Solution File, Format Version 12.00
# Visual Studio Version 16
VisualStudioVersion = 16.0.30413.136
MinimumVisualStudioVersion = 10.0.40219.1
Project("{FAE04EC0-301F-11D3-BF4B-00C04F79EFBC}") = "EntityFramework2.4", "EntityFramework2.4.csproj", "{E4757DD6-BCC6-476D-A4BE-4C6FC59DCF41}"
EndProject
Global
	GlobalSection(SolutionConfigurationPlatforms) = preSolution
		Debug|Any CPU = Debug|Any CPU
		Release|Any CPU = Release|Any CPU
	EndGlobalSection
	GlobalSection(ProjectConfigurationPlatforms) = postSolution
		{E4757DD6-BCC6-476D-A4BE-4C6FC59DCF41}.Debug|Any CPU.ActiveCfg = Debug|Any CPU
		{E4757DD6-BCC6-476D-A4BE-4C6FC59DCF41}.Debug|Any CPU.Build.0 = Debug|Any CPU
		{E4757DD6-BCC6-476D-A4BE-4C6FC59DCF41}.Release|Any CPU.ActiveCfg = Release|Any CPU
		{E4757DD6-BCC6-476D-A4BE-4C6FC59DCF41}.Release|Any CPU.Build.0 = Release|Any CPU
	EndGlobalSection
	GlobalSection(SolutionProperties) = preSolution
		HideSolutionNode = FALSE
	EndGlobalSection
	GlobalSection(ExtensibilityGlobals) = postSolution
		SolutionGuid = {5632B049-190A-4933-8593-D592CC11AF9E}
	EndGlobalSection
EndGlobal
