
Microsoft Visual Studio Solution File, Format Version 12.00
# Visual Studio Version 16
VisualStudioVersion = 16.0.30413.136
MinimumVisualStudioVersion = 10.0.40219.1
Project("{FAE04EC0-301F-11D3-BF4B-00C04F79EFBC}") = "EntityFramework3.1", "EntityFramework3.1.csproj", "{A36AA8CC-2226-4EB0-B5FA-C5C59D521CFF}"
EndProject
Global
	GlobalSection(SolutionConfigurationPlatforms) = preSolution
		Debug|Any CPU = Debug|Any CPU
		Release|Any CPU = Release|Any CPU
	EndGlobalSection
	GlobalSection(ProjectConfigurationPlatforms) = postSolution
		{A36AA8CC-2226-4EB0-B5FA-C5C59D521CFF}.Debug|Any CPU.ActiveCfg = Debug|Any CPU
		{A36AA8CC-2226-4EB0-B5FA-C5C59D521CFF}.Debug|Any CPU.Build.0 = Debug|Any CPU
		{A36AA8CC-2226-4EB0-B5FA-C5C59D521CFF}.Release|Any CPU.ActiveCfg = Release|Any CPU
		{A36AA8CC-2226-4EB0-B5FA-C5C59D521CFF}.Release|Any CPU.Build.0 = Release|Any CPU
	EndGlobalSection
	GlobalSection(SolutionProperties) = preSolution
		HideSolutionNode = FALSE
	EndGlobalSection
	GlobalSection(ExtensibilityGlobals) = postSolution
		SolutionGuid = {96ECCBD6-0823-4CF7-AA41-D64EB48FA0E1}
	EndGlobalSection
EndGlobal
