
Microsoft Visual Studio Solution File, Format Version 12.00
# Visual Studio Version 16
VisualStudioVersion = 16.0.30413.136
MinimumVisualStudioVersion = 10.0.40219.1
Project("{FAE04EC0-301F-11D3-BF4B-00C04F79EFBC}") = "EntityFramework2.3", "EntityFramework2.3.csproj", "{D6517C4F-6D2C-40C8-8162-833BEA7C8960}"
EndProject
Global
	GlobalSection(SolutionConfigurationPlatforms) = preSolution
		Debug|Any CPU = Debug|Any CPU
		Release|Any CPU = Release|Any CPU
	EndGlobalSection
	GlobalSection(ProjectConfigurationPlatforms) = postSolution
		{D6517C4F-6D2C-40C8-8162-833BEA7C8960}.Debug|Any CPU.ActiveCfg = Debug|Any CPU
		{D6517C4F-6D2C-40C8-8162-833BEA7C8960}.Debug|Any CPU.Build.0 = Debug|Any CPU
		{D6517C4F-6D2C-40C8-8162-833BEA7C8960}.Release|Any CPU.ActiveCfg = Release|Any CPU
		{D6517C4F-6D2C-40C8-8162-833BEA7C8960}.Release|Any CPU.Build.0 = Release|Any CPU
	EndGlobalSection
	GlobalSection(SolutionProperties) = preSolution
		HideSolutionNode = FALSE
	EndGlobalSection
	GlobalSection(ExtensibilityGlobals) = postSolution
		SolutionGuid = {626CDFA9-1249-4318-92EC-C56127356896}
	EndGlobalSection
EndGlobal
