
Microsoft Visual Studio Solution File, Format Version 12.00
# Visual Studio Version 16
VisualStudioVersion = 16.0.30413.136
MinimumVisualStudioVersion = 10.0.40219.1
Project("{FAE04EC0-301F-11D3-BF4B-00C04F79EFBC}") = "EntityFramework3.7", "EntityFramework3.7.csproj", "{81CEEE91-3E56-482D-BCD6-E54F69E60EC3}"
EndProject
Global
	GlobalSection(SolutionConfigurationPlatforms) = preSolution
		Debug|Any CPU = Debug|Any CPU
		Release|Any CPU = Release|Any CPU
	EndGlobalSection
	GlobalSection(ProjectConfigurationPlatforms) = postSolution
		{81CEEE91-3E56-482D-BCD6-E54F69E60EC3}.Debug|Any CPU.ActiveCfg = Debug|Any CPU
		{81CEEE91-3E56-482D-BCD6-E54F69E60EC3}.Debug|Any CPU.Build.0 = Debug|Any CPU
		{81CEEE91-3E56-482D-BCD6-E54F69E60EC3}.Release|Any CPU.ActiveCfg = Release|Any CPU
		{81CEEE91-3E56-482D-BCD6-E54F69E60EC3}.Release|Any CPU.Build.0 = Release|Any CPU
	EndGlobalSection
	GlobalSection(SolutionProperties) = preSolution
		HideSolutionNode = FALSE
	EndGlobalSection
	GlobalSection(ExtensibilityGlobals) = postSolution
		SolutionGuid = {7E207920-ADA9-4FD8-9F6C-A202BEB1B0DC}
	EndGlobalSection
EndGlobal
