
Microsoft Visual Studio Solution File, Format Version 12.00
# Visual Studio Version 16
VisualStudioVersion = 16.0.30413.136
MinimumVisualStudioVersion = 10.0.40219.1
Project("{FAE04EC0-301F-11D3-BF4B-00C04F79EFBC}") = "EntityFramework5.2", "EntityFramework5.2.csproj", "{08A2F61F-FEB5-4440-9AC3-558D5F14A158}"
EndProject
Global
	GlobalSection(SolutionConfigurationPlatforms) = preSolution
		Debug|Any CPU = Debug|Any CPU
		Release|Any CPU = Release|Any CPU
	EndGlobalSection
	GlobalSection(ProjectConfigurationPlatforms) = postSolution
		{08A2F61F-FEB5-4440-9AC3-558D5F14A158}.Debug|Any CPU.ActiveCfg = Debug|Any CPU
		{08A2F61F-FEB5-4440-9AC3-558D5F14A158}.Debug|Any CPU.Build.0 = Debug|Any CPU
		{08A2F61F-FEB5-4440-9AC3-558D5F14A158}.Release|Any CPU.ActiveCfg = Release|Any CPU
		{08A2F61F-FEB5-4440-9AC3-558D5F14A158}.Release|Any CPU.Build.0 = Release|Any CPU
	EndGlobalSection
	GlobalSection(SolutionProperties) = preSolution
		HideSolutionNode = FALSE
	EndGlobalSection
	GlobalSection(ExtensibilityGlobals) = postSolution
		SolutionGuid = {515D58AE-0FAA-4E35-8305-BF82D84A06FF}
	EndGlobalSection
EndGlobal
