
Microsoft Visual Studio Solution File, Format Version 12.00
# Visual Studio Version 16
VisualStudioVersion = 16.0.30413.136
MinimumVisualStudioVersion = 10.0.40219.1
Project("{FAE04EC0-301F-11D3-BF4B-00C04F79EFBC}") = "EntityFramework5.7", "EntityFramework5.7.csproj", "{A17576EC-6A7B-42D1-94DC-D86F3CA63207}"
EndProject
Global
	GlobalSection(SolutionConfigurationPlatforms) = preSolution
		Debug|Any CPU = Debug|Any CPU
		Release|Any CPU = Release|Any CPU
	EndGlobalSection
	GlobalSection(ProjectConfigurationPlatforms) = postSolution
		{A17576EC-6A7B-42D1-94DC-D86F3CA63207}.Debug|Any CPU.ActiveCfg = Debug|Any CPU
		{A17576EC-6A7B-42D1-94DC-D86F3CA63207}.Debug|Any CPU.Build.0 = Debug|Any CPU
		{A17576EC-6A7B-42D1-94DC-D86F3CA63207}.Release|Any CPU.ActiveCfg = Release|Any CPU
		{A17576EC-6A7B-42D1-94DC-D86F3CA63207}.Release|Any CPU.Build.0 = Release|Any CPU
	EndGlobalSection
	GlobalSection(SolutionProperties) = preSolution
		HideSolutionNode = FALSE
	EndGlobalSection
	GlobalSection(ExtensibilityGlobals) = postSolution
		SolutionGuid = {B5C6B697-8B2D-4C3F-931B-89A3F067297F}
	EndGlobalSection
EndGlobal
